
Microsoft Visual Studio Solution File, Format Version 12.00
# Visual Studio Version 17
VisualStudioVersion = 17.13.35828.75 d17.13
MinimumVisualStudioVersion = 10.0.40219.1
Project("{FAE04EC0-301F-11D3-BF4B-00C04F79EFBC}") = "ContactList", "ContactList\ContactList.csproj", "{F006C218-E5D9-429E-99C9-83A3A564DB81}"
EndProject
Global
	GlobalSection(SolutionConfigurationPlatforms) = preSolution
		Debug|Any CPU = Debug|Any CPU
		Release|Any CPU = Release|Any CPU
	EndGlobalSection
	GlobalSection(ProjectConfigurationPlatforms) = postSolution
		{F006C218-E5D9-429E-99C9-83A3A564DB81}.Debug|Any CPU.ActiveCfg = Debug|Any CPU
		{F006C218-E5D9-429E-99C9-83A3A564DB81}.Debug|Any CPU.Build.0 = Debug|Any CPU
		{F006C218-E5D9-429E-99C9-83A3A564DB81}.Release|Any CPU.ActiveCfg = Release|Any CPU
		{F006C218-E5D9-429E-99C9-83A3A564DB81}.Release|Any CPU.Build.0 = Release|Any CPU
	EndGlobalSection
	GlobalSection(SolutionProperties) = preSolution
		HideSolutionNode = FALSE
	EndGlobalSection
	GlobalSection(ExtensibilityGlobals) = postSolution
		SolutionGuid = {3CA43E3F-AF13-4DCB-AFAA-BC7B589295A5}
	EndGlobalSection
EndGlobal
